name: kasuku3
channels:
  - conda-forge
  - defaults
dependencies:
  - bzip2=1.0.8=h01d97ff_1
  - ca-certificates=2019.11.28=hecc5488_0
  - certifi=2019.11.28=py37_0
  - cython=0.29.10=py37h6de7cb9_0
  - docutils=0.15.2=py37_0
  - freetype=2.10.0=h24853df_1
  - gettext=0.19.8.1=h46ab8bc_1002
  - glib=2.58.3=py37h577aef8_1002
  - gst-plugins-base=1.14.5=h4cfda30_0
  - gstreamer=1.14.5=h0443ca1_0
  - jpeg=9c=h1de35cc_1001
  - libcxx=9.0.0=h89e68fa_1
  - libffi=3.2.1=h6de7cb9_1006
  - libiconv=1.15=h01d97ff_1005
  - libpng=1.6.37=h2573ce8_0
  - libtiff=4.1.0=ha78913b_1
  - lz4-c=1.8.3=h6de7cb9_1001
  - ncurses=6.1=h0a44026_1002
  - nose=1.3.7=py37_1003
  - olefile=0.46=py_0
  - openssl=1.1.1d=h0b31af3_0
  - pcre=8.43=h4a8c4bd_0
  - pillow=6.2.1=py37h43b43f3_1
  - pip=19.3.1=py37_0
  - pygments=2.5.1=py_0
  - python=3.7.3=h93065d6_1
  - readline=8.0=hcfe32e1_0
  - sdl2=2.0.10=h6de7cb9_0
  - sdl2_image=2.0.5=h7fada4f_0
  - sdl2_mixer=2.0.4=h6de7cb9_0
  - sdl2_ttf=2.0.15=hc42bb53_0
  - setuptools=42.0.1=py37_0
  - smpeg2=2.0.0=hfc679d8_1
  - sqlite=3.30.1=h93121df_0
  - tk=8.6.10=hbbe82c9_0
  - wheel=0.33.6=py37_0
  - xz=5.2.4=h1de35cc_1001
  - zlib=1.2.11=h0b31af3_1006
  - zstd=1.4.4=he7fca8b_1
  - pip:
    - buildozer==0.40.dev0
    - chardet==3.0.4
    - idna==2.8
    - kivy==2.0.0.dev0
    - kivy-garden==0.1.4
    - pexpect==4.7.0
    - plyer==1.4.3.dev0
    - ptyprocess==0.6.0
    - requests==2.22.0
    - sh==1.12.14
    - urllib3==1.25.7
    - virtualenv==16.7.8
prefix: /Users/kjell/miniconda3/envs/kasuku3
